// !$*UTF8*$!
{
	archiveVersion = 1;
	classes = {
	};
	objectVersion = 48;
	objects = {

/* Begin PBXBuildFile section */
		BA26C94F2010041A00BB6315 /* AppDelegate.swift in Sources */ = {isa = PBXBuildFile; fileRef = BA26C94E2010041A00BB6315 /* AppDelegate.swift */; };
		BA26C9542010041A00BB6315 /* Main.storyboard in Resources */ = {isa = PBXBuildFile; fileRef = BA26C9522010041A00BB6315 /* Main.storyboard */; };
		BA26C9562010041A00BB6315 /* Assets.xcassets in Resources */ = {isa = PBXBuildFile; fileRef = BA26C9552010041A00BB6315 /* Assets.xcassets */; };
		BA26C9592010041A00BB6315 /* LaunchScreen.storyboard in Resources */ = {isa = PBXBuildFile; fileRef = BA26C9572010041A00BB6315 /* LaunchScreen.storyboard */; };
		BA26C9612010093500BB6315 /* Entry.swift in Sources */ = {isa = PBXBuildFile; fileRef = BA26C9602010093500BB6315 /* Entry.swift */; };
		BA26C96320100B3E00BB6315 /* EntryController.swift in Sources */ = {isa = PBXBuildFile; fileRef = BA26C96220100B3E00BB6315 /* EntryController.swift */; };
		BA26C96520101AE600BB6315 /* EntryListTableViewController.swift in Sources */ = {isa = PBXBuildFile; fileRef = BA26C96420101AE600BB6315 /* EntryListTableViewController.swift */; };
		BA26C9672010403900BB6315 /* EntryDetailViewController.swift in Sources */ = {isa = PBXBuildFile; fileRef = BA26C9662010403900BB6315 /* EntryDetailViewController.swift */; };
/* End PBXBuildFile section */

/* Begin PBXFileReference section */
		BA26C94B2010041A00BB6315 /* Journal.app */ = {isa = PBXFileReference; explicitFileType = wrapper.application; includeInIndex = 0; path = Journal.app; sourceTree = BUILT_PRODUCTS_DIR; };
		BA26C94E2010041A00BB6315 /* AppDelegate.swift */ = {isa = PBXFileReference; lastKnownFileType = sourcecode.swift; path = AppDelegate.swift; sourceTree = "<group>"; };
		BA26C9532010041A00BB6315 /* Base */ = {isa = PBXFileReference; lastKnownFileType = file.storyboard; name = Base; path = Base.lproj/Main.storyboard; sourceTree = "<group>"; };
		BA26C9552010041A00BB6315 /* Assets.xcassets */ = {isa = PBXFileReference; lastKnownFileType = folder.assetcatalog; path = Assets.xcassets; sourceTree = "<group>"; };
		BA26C9582010041A00BB6315 /* Base */ = {isa = PBXFileReference; lastKnownFileType = file.storyboard; name = Base; path = Base.lproj/LaunchScreen.storyboard; sourceTree = "<group>"; };
		BA26C95A2010041A00BB6315 /* Info.plist */ = {isa = PBXFileReference; lastKnownFileType = text.plist.xml; path = Info.plist; sourceTree = "<group>"; };
		BA26C9602010093500BB6315 /* Entry.swift */ = {isa = PBXFileReference; lastKnownFileType = sourcecode.swift; path = Entry.swift; sourceTree = "<group>"; };
		BA26C96220100B3E00BB6315 /* EntryController.swift */ = {isa = PBXFileReference; lastKnownFileType = sourcecode.swift; path = EntryController.swift; sourceTree = "<group>"; };
		BA26C96420101AE600BB6315 /* EntryListTableViewController.swift */ = {isa = PBXFileReference; lastKnownFileType = sourcecode.swift; path = EntryListTableViewController.swift; sourceTree = "<group>"; };
		BA26C9662010403900BB6315 /* EntryDetailViewController.swift */ = {isa = PBXFileReference; lastKnownFileType = sourcecode.swift; path = EntryDetailViewController.swift; sourceTree = "<group>"; };
/* End PBXFileReference section */

/* Begin PBXFrameworksBuildPhase section */
		BA26C9482010041A00BB6315 /* Frameworks */ = {
			isa = PBXFrameworksBuildPhase;
			buildActionMask = 2147483647;
			files = (
			);
			runOnlyForDeploymentPostprocessing = 0;
		};
/* End PBXFrameworksBuildPhase section */

/* Begin PBXGroup section */
		BA26C9422010041A00BB6315 = {
			isa = PBXGroup;
			children = (
				BA26C94D2010041A00BB6315 /* Journal */,
				BA26C94C2010041A00BB6315 /* Products */,
			);
			sourceTree = "<group>";
		};
		BA26C94C2010041A00BB6315 /* Products */ = {
			isa = PBXGroup;
			children = (
				BA26C94B2010041A00BB6315 /* Journal.app */,
			);
			name = Products;
			sourceTree = "<group>";
		};
		BA26C94D2010041A00BB6315 /* Journal */ = {
			isa = PBXGroup;
			children = (
				BA26C94E2010041A00BB6315 /* AppDelegate.swift */,
				BA26C9522010041A00BB6315 /* Main.storyboard */,
				BA26C96A2011296700BB6315 /* Model */,
				BA26C9682011294000BB6315 /* Model Controller */,
				BA26C9692011294B00BB6315 /* View Controller */,
				BA26C9552010041A00BB6315 /* Assets.xcassets */,
				BA26C9572010041A00BB6315 /* LaunchScreen.storyboard */,
				BA26C95A2010041A00BB6315 /* Info.plist */,
			);
			path = Journal;
			sourceTree = "<group>";
		};
		BA26C9682011294000BB6315 /* Model Controller */ = {
			isa = PBXGroup;
			children = (
				BA26C96220100B3E00BB6315 /* EntryController.swift */,
			);
			path = "Model Controller";
			sourceTree = "<group>";
		};
		BA26C9692011294B00BB6315 /* View Controller */ = {
			isa = PBXGroup;
			children = (
				BA26C9662010403900BB6315 /* EntryDetailViewController.swift */,
				BA26C96420101AE600BB6315 /* EntryListTableViewController.swift */,
			);
			path = "View Controller";
			sourceTree = "<group>";
		};
		BA26C96A2011296700BB6315 /* Model */ = {
			isa = PBXGroup;
			children = (
				BA26C9602010093500BB6315 /* Entry.swift */,
			);
			path = Model;
			sourceTree = "<group>";
		};
/* End PBXGroup section */

/* Begin PBXNativeTarget section */
		BA26C94A2010041A00BB6315 /* Journal */ = {
			isa = PBXNativeTarget;
			buildConfigurationList = BA26C95D2010041A00BB6315 /* Build configuration list for PBXNativeTarget "Journal" */;
			buildPhases = (
				BA26C9472010041A00BB6315 /* Sources */,
				BA26C9482010041A00BB6315 /* Frameworks */,
				BA26C9492010041A00BB6315 /* Resources */,
			);
			buildRules = (
			);
			dependencies = (
			);
			name = Journal;
			productName = Journal;
			productReference = BA26C94B2010041A00BB6315 /* Journal.app */;
			productType = "com.apple.product-type.application";
		};
/* End PBXNativeTarget section */

/* Begin PBXProject section */
		BA26C9432010041A00BB6315 /* Project object */ = {
			isa = PBXProject;
			attributes = {
				LastSwiftUpdateCheck = 0920;
				LastUpgradeCheck = 0920;
				ORGANIZATIONNAME = "Turnt Labs";
				TargetAttributes = {
					BA26C94A2010041A00BB6315 = {
						CreatedOnToolsVersion = 9.2;
						ProvisioningStyle = Automatic;
					};
				};
			};
			buildConfigurationList = BA26C9462010041A00BB6315 /* Build configuration list for PBXProject "Journal" */;
			compatibilityVersion = "Xcode 8.0";
			developmentRegion = en;
			hasScannedForEncodings = 0;
			knownRegions = (
				en,
				Base,
			);
			mainGroup = BA26C9422010041A00BB6315;
			productRefGroup = BA26C94C2010041A00BB6315 /* Products */;
			projectDirPath = "";
			projectRoot = "";
			targets = (
				BA26C94A2010041A00BB6315 /* Journal */,
			);
		};
/* End PBXProject section */

/* Begin PBXResourcesBuildPhase section */
		BA26C9492010041A00BB6315 /* Resources */ = {
			isa = PBXResourcesBuildPhase;
			buildActionMask = 2147483647;
			files = (
				BA26C9592010041A00BB6315 /* LaunchScreen.storyboard in Resources */,
				BA26C9562010041A00BB6315 /* Assets.xcassets in Resources */,
				BA26C9542010041A00BB6315 /* Main.storyboard in Resources */,
			);
			runOnlyForDeploymentPostprocessing = 0;
		};
/* End PBXResourcesBuildPhase section */

/* Begin PBXSourcesBuildPhase section */
		BA26C9472010041A00BB6315 /* Sources */ = {
			isa = PBXSourcesBuildPhase;
			buildActionMask = 2147483647;
			files = (
				BA26C9612010093500BB6315 /* Entry.swift in Sources */,
				BA26C96520101AE600BB6315 /* EntryListTableViewController.swift in Sources */,
				BA26C96320100B3E00BB6315 /* EntryController.swift in Sources */,
				BA26C9672010403900BB6315 /* EntryDetailViewController.swift in Sources */,
				BA26C94F2010041A00BB6315 /* AppDelegate.swift in Sources */,
			);
			runOnlyForDeploymentPostprocessing = 0;
		};
/* End PBXSourcesBuildPhase section */

/* Begin PBXVariantGroup section */
		BA26C9522010041A00BB6315 /* Main.storyboard */ = {
			isa = PBXVariantGroup;
			children = (
				BA26C9532010041A00BB6315 /* Base */,
			);
			name = Main.storyboard;
			sourceTree = "<group>";
		};
		BA26C9572010041A00BB6315 /* LaunchScreen.storyboard */ = {
			isa = PBXVariantGroup;
			children = (
				BA26C9582010041A00BB6315 /* Base */,
			);
			name = LaunchScreen.storyboard;
			sourceTree = "<group>";
		};
/* End PBXVariantGroup section */

/* Begin XCBuildConfiguration section */
		BA26C95B2010041A00BB6315 /* Debug */ = {
			isa = XCBuildConfiguration;
			buildSettings = {
				ALWAYS_SEARCH_USER_PATHS = NO;
				CLANG_ANALYZER_NONNULL = YES;
				CLANG_ANALYZER_NUMBER_OBJECT_CONVERSION = YES_AGGRESSIVE;
				CLANG_CXX_LANGUAGE_STANDARD = "gnu++14";
				CLANG_CXX_LIBRARY = "libc++";
				CLANG_ENABLE_MODULES = YES;
				CLANG_ENABLE_OBJC_ARC = YES;
				CLANG_WARN_BLOCK_CAPTURE_AUTORELEASING = YES;
				CLANG_WARN_BOOL_CONVERSION = YES;
				CLANG_WARN_COMMA = YES;
				CLANG_WARN_CONSTANT_CONVERSION = YES;
				CLANG_WARN_DIRECT_OBJC_ISA_USAGE = YES_ERROR;
				CLANG_WARN_DOCUMENTATION_COMMENTS = YES;
				CLANG_WARN_EMPTY_BODY = YES;
				CLANG_WARN_ENUM_CONVERSION = YES;
				CLANG_WARN_INFINITE_RECURSION = YES;
				CLANG_WARN_INT_CONVERSION = YES;
				CLANG_WARN_NON_LITERAL_NULL_CONVERSION = YES;
				CLANG_WARN_OBJC_LITERAL_CONVERSION = YES;
				CLANG_WARN_OBJC_ROOT_CLASS = YES_ERROR;
				CLANG_WARN_RANGE_LOOP_ANALYSIS = YES;
				CLANG_WARN_STRICT_PROTOTYPES = YES;
				CLANG_WARN_SUSPICIOUS_MOVE = YES;
				CLANG_WARN_UNGUARDED_AVAILABILITY = YES_AGGRESSIVE;
				CLANG_WARN_UNREACHABLE_CODE = YES;
				CLANG_WARN__DUPLICATE_METHOD_MATCH = YES;
				CODE_SIGN_IDENTITY = "iPhone Developer";
				COPY_PHASE_STRIP = NO;
				DEBUG_INFORMATION_FORMAT = dwarf;
				ENABLE_STRICT_OBJC_MSGSEND = YES;
				ENABLE_TESTABILITY = YES;
				GCC_C_LANGUAGE_STANDARD = gnu11;
				GCC_DYNAMIC_NO_PIC = NO;
				GCC_NO_COMMON_BLOCKS = YES;
				GCC_OPTIMIZATION_LEVEL = 0;
				GCC_PREPROCESSOR_DEFINITIONS = (
					"DEBUG=1",
					"$(inherited)",
				);
				GCC_WARN_64_TO_32_BIT_CONVERSION = YES;
				GCC_WARN_ABOUT_RETURN_TYPE = YES_ERROR;
				GCC_WARN_UNDECLARED_SELECTOR = YES;
				GCC_WARN_UNINITIALIZED_AUTOS = YES_AGGRESSIVE;
				GCC_WARN_UNUSED_FUNCTION = YES;
				GCC_WARN_UNUSED_VARIABLE = YES;
				IPHONEOS_DEPLOYMENT_TARGET = 11.2;
				MTL_ENABLE_DEBUG_INFO = YES;
				ONLY_ACTIVE_ARCH = YES;
				SDKROOT = iphoneos;
				SWIFT_ACTIVE_COMPILATION_CONDITIONS = DEBUG;
				SWIFT_OPTIMIZATION_LEVEL = "-Onone";
			};
			name = Debug;
		};
		BA26C95C2010041A00BB6315 /* Release */ = {
			isa = XCBuildConfiguration;
			buildSettings = {
				ALWAYS_SEARCH_USER_PATHS = NO;
				CLANG_ANALYZER_NONNULL = YES;
				CLANG_ANALYZER_NUMBER_OBJECT_CONVERSION = YES_AGGRESSIVE;
				CLANG_CXX_LANGUAGE_STANDARD = "gnu++14";
				CLANG_CXX_LIBRARY = "libc++";
				CLANG_ENABLE_MODULES = YES;
				CLANG_ENABLE_OBJC_ARC = YES;
				CLANG_WARN_BLOCK_CAPTURE_AUTORELEASING = YES;
				CLANG_WARN_BOOL_CONVERSION = YES;
				CLANG_WARN_COMMA = YES;
				CLANG_WARN_CONSTANT_CONVERSION = YES;
				CLANG_WARN_DIRECT_OBJC_ISA_USAGE = YES_ERROR;
				CLANG_WARN_DOCUMENTATION_COMMENTS = YES;
				CLANG_WARN_EMPTY_BODY = YES;
				CLANG_WARN_ENUM_CONVERSION = YES;
				CLANG_WARN_INFINITE_RECURSION = YES;
				CLANG_WARN_INT_CONVERSION = YES;
				CLANG_WARN_NON_LITERAL_NULL_CONVERSION = YES;
				CLANG_WARN_OBJC_LITERAL_CONVERSION = YES;
				CLANG_WARN_OBJC_ROOT_CLASS = YES_ERROR;
				CLANG_WARN_RANGE_LOOP_ANALYSIS = YES;
				CLANG_WARN_STRICT_PROTOTYPES = YES;
				CLANG_WARN_SUSPICIOUS_MOVE = YES;
				CLANG_WARN_UNGUARDED_AVAILABILITY = YES_AGGRESSIVE;
				CLANG_WARN_UNREACHABLE_CODE = YES;
				CLANG_WARN__DUPLICATE_METHOD_MATCH = YES;
				CODE_SIGN_IDENTITY = "iPhone Developer";
				COPY_PHASE_STRIP = NO;
				DEBUG_INFORMATION_FORMAT = "dwarf-with-dsym";
				ENABLE_NS_ASSERTIONS = NO;
				ENABLE_STRICT_OBJC_MSGSEND = YES;
				GCC_C_LANGUAGE_STANDARD = gnu11;
				GCC_NO_COMMON_BLOCKS = YES;
				GCC_WARN_64_TO_32_BIT_CONVERSION = YES;
				GCC_WARN_ABOUT_RETURN_TYPE = YES_ERROR;
				GCC_WARN_UNDECLARED_SELECTOR = YES;
				GCC_WARN_UNINITIALIZED_AUTOS = YES_AGGRESSIVE;
				GCC_WARN_UNUSED_FUNCTION = YES;
				GCC_WARN_UNUSED_VARIABLE = YES;
				IPHONEOS_DEPLOYMENT_TARGET = 11.2;
				MTL_ENABLE_DEBUG_INFO = NO;
				SDKROOT = iphoneos;
				SWIFT_OPTIMIZATION_LEVEL = "-Owholemodule";
				VALIDATE_PRODUCT = YES;
			};
			name = Release;
		};
		BA26C95E2010041A00BB6315 /* Debug */ = {
			isa = XCBuildConfiguration;
			buildSettings = {
				ASSETCATALOG_COMPILER_APPICON_NAME = AppIcon;
				CODE_SIGN_STYLE = Automatic;
				DEVELOPMENT_TEAM = NELGRQX33K;
				INFOPLIST_FILE = Journal/Info.plist;
				IPHONEOS_DEPLOYMENT_TARGET = 11.1;
				LD_RUNPATH_SEARCH_PATHS = "$(inherited) @executable_path/Frameworks";
				PRODUCT_BUNDLE_IDENTIFIER = com.turntlabs.Journal;
				PRODUCT_NAME = "$(TARGET_NAME)";
				SWIFT_VERSION = 4.0;
				TARGETED_DEVICE_FAMILY = "1,2";
			};
			name = Debug;
		};
		BA26C95F2010041A00BB6315 /* Release */ = {
			isa = XCBuildConfiguration;
			buildSettings = {
				ASSETCATALOG_COMPILER_APPICON_NAME = AppIcon;
				CODE_SIGN_STYLE = Automatic;
				DEVELOPMENT_TEAM = NELGRQX33K;
				INFOPLIST_FILE = Journal/Info.plist;
				IPHONEOS_DEPLOYMENT_TARGET = 11.1;
				LD_RUNPATH_SEARCH_PATHS = "$(inherited) @executable_path/Frameworks";
				PRODUCT_BUNDLE_IDENTIFIER = com.turntlabs.Journal;
				PRODUCT_NAME = "$(TARGET_NAME)";
				SWIFT_VERSION = 4.0;
				TARGETED_DEVICE_FAMILY = "1,2";
			};
			name = Release;
		};
/* End XCBuildConfiguration section */

/* Begin XCConfigurationList section */
		BA26C9462010041A00BB6315 /* Build configuration list for PBXProject "Journal" */ = {
			isa = XCConfigurationList;
			buildConfigurations = (
				BA26C95B2010041A00BB6315 /* Debug */,
				BA26C95C2010041A00BB6315 /* Release */,
			);
			defaultConfigurationIsVisible = 0;
			defaultConfigurationName = Release;
		};
		BA26C95D2010041A00BB6315 /* Build configuration list for PBXNativeTarget "Journal" */ = {
			isa = XCConfigurationList;
			buildConfigurations = (
				BA26C95E2010041A00BB6315 /* Debug */,
				BA26C95F2010041A00BB6315 /* Release */,
			);
			defaultConfigurationIsVisible = 0;
			defaultConfigurationName = Release;
		};
/* End XCConfigurationList section */
	};
	rootObject = BA26C9432010041A00BB6315 /* Project object */;
}
